
Microsoft Visual Studio Solution File, Format Version 12.00
# Visual Studio 15
VisualStudioVersion = 15.0.28307.271
MinimumVisualStudioVersion = 10.0.40219.1
Project("{E24C65DC-7377-472B-9ABA-BC803B73C61A}") = "Lab8", ".", "{F77ABD01-05F9-4E5B-B745-FCCA25DD1292}"
	ProjectSection(WebsiteProperties) = preProject
		TargetFrameworkMoniker = ".NETFramework,Version%3Dv4.6"
		Debug.AspNetCompiler.VirtualPath = "/localhost_64387"
		Debug.AspNetCompiler.PhysicalPath = "..\Lab8\"
		Debug.AspNetCompiler.TargetPath = "PrecompiledWeb\localhost_64387\"
		Debug.AspNetCompiler.Updateable = "true"
		Debug.AspNetCompiler.ForceOverwrite = "true"
		Debug.AspNetCompiler.FixedNames = "false"
		Debug.AspNetCompiler.Debug = "True"
		Release.AspNetCompiler.VirtualPath = "/localhost_64387"
		Release.AspNetCompiler.PhysicalPath = "..\Lab8\"
		Release.AspNetCompiler.TargetPath = "PrecompiledWeb\localhost_64387\"
		Release.AspNetCompiler.Updateable = "true"
		Release.AspNetCompiler.ForceOverwrite = "true"
		Release.AspNetCompiler.FixedNames = "false"
		Release.AspNetCompiler.Debug = "False"
		VWDPort = "64387"
	EndProjectSection
EndProject
Global
	GlobalSection(SolutionConfigurationPlatforms) = preSolution
		Debug|Any CPU = Debug|Any CPU
	EndGlobalSection
	GlobalSection(ProjectConfigurationPlatforms) = postSolution
		{F77ABD01-05F9-4E5B-B745-FCCA25DD1292}.Debug|Any CPU.ActiveCfg = Debug|Any CPU
		{F77ABD01-05F9-4E5B-B745-FCCA25DD1292}.Debug|Any CPU.Build.0 = Debug|Any CPU
	EndGlobalSection
	GlobalSection(SolutionProperties) = preSolution
		HideSolutionNode = FALSE
	EndGlobalSection
	GlobalSection(ExtensibilityGlobals) = postSolution
		SolutionGuid = {51ABEE7F-EF7A-496B-971B-EB38703FC62E}
	EndGlobalSection
EndGlobal
